
Microsoft Visual Studio Solution File, Format Version 12.00
# Visual Studio 15
VisualStudioVersion = 15.0.28306.52
MinimumVisualStudioVersion = 10.0.40219.1
Project("{2150E333-8FDC-42A3-9474-1A3956D46DE8}") = "src", "src", "{3FD5BF1F-8B39-481A-A678-8E898830FFBC}"
EndProject
Project("{9A19103F-16F7-4668-BE54-9A1E7A4F7556}") = "JobsBot", "src\JobsBot\JobsBot.csproj", "{30F3D64F-EE39-4AA6-8489-824C669285F2}"
EndProject
Global
	GlobalSection(SolutionConfigurationPlatforms) = preSolution
		Debug|Any CPU = Debug|Any CPU
		Release|Any CPU = Release|Any CPU
	EndGlobalSection
	GlobalSection(ProjectConfigurationPlatforms) = postSolution
		{30F3D64F-EE39-4AA6-8489-824C669285F2}.Debug|Any CPU.ActiveCfg = Debug|Any CPU
		{30F3D64F-EE39-4AA6-8489-824C669285F2}.Debug|Any CPU.Build.0 = Debug|Any CPU
		{30F3D64F-EE39-4AA6-8489-824C669285F2}.Release|Any CPU.ActiveCfg = Release|Any CPU
		{30F3D64F-EE39-4AA6-8489-824C669285F2}.Release|Any CPU.Build.0 = Release|Any CPU
	EndGlobalSection
	GlobalSection(SolutionProperties) = preSolution
		HideSolutionNode = FALSE
	EndGlobalSection
	GlobalSection(NestedProjects) = preSolution
		{30F3D64F-EE39-4AA6-8489-824C669285F2} = {3FD5BF1F-8B39-481A-A678-8E898830FFBC}
	EndGlobalSection
	GlobalSection(ExtensibilityGlobals) = postSolution
		SolutionGuid = {9C224DAA-1744-4694-9F6E-A359620D5D6D}
	EndGlobalSection
EndGlobal
