
Microsoft Visual Studio Solution File, Format Version 12.00
# Visual Studio 15
VisualStudioVersion = 15.0.28306.52
MinimumVisualStudioVersion = 10.0.40219.1
Project("{2150E333-8FDC-42A3-9474-1A3956D46DE8}") = "src", "src", "{3FD5BF1F-8B39-481A-A678-8E898830FFBC}"
EndProject
Project("{9A19103F-16F7-4668-BE54-9A1E7A4F7556}") = "VahterBot", "src\VahterBot\VahterBot.csproj", "{4524C202-6493-40D8-AD82-2FFB3C3BCCA4}"
EndProject
Global
	GlobalSection(SolutionConfigurationPlatforms) = preSolution
		Debug|Any CPU = Debug|Any CPU
		Release|Any CPU = Release|Any CPU
	EndGlobalSection
	GlobalSection(ProjectConfigurationPlatforms) = postSolution
		{4524C202-6493-40D8-AD82-2FFB3C3BCCA4}.Debug|Any CPU.ActiveCfg = Debug|Any CPU
		{4524C202-6493-40D8-AD82-2FFB3C3BCCA4}.Debug|Any CPU.Build.0 = Debug|Any CPU
		{4524C202-6493-40D8-AD82-2FFB3C3BCCA4}.Release|Any CPU.ActiveCfg = Release|Any CPU
		{4524C202-6493-40D8-AD82-2FFB3C3BCCA4}.Release|Any CPU.Build.0 = Release|Any CPU
	EndGlobalSection
	GlobalSection(SolutionProperties) = preSolution
		HideSolutionNode = FALSE
	EndGlobalSection
	GlobalSection(NestedProjects) = preSolution
		{4524C202-6493-40D8-AD82-2FFB3C3BCCA4} = {3FD5BF1F-8B39-481A-A678-8E898830FFBC}
	EndGlobalSection
	GlobalSection(ExtensibilityGlobals) = postSolution
		SolutionGuid = {9C224DAA-1744-4694-9F6E-A359620D5D6D}
	EndGlobalSection
EndGlobal
